
Microsoft Visual Studio Solution File, Format Version 12.00
# Visual Studio Version 16
VisualStudioVersion = 16.0.29025.244
MinimumVisualStudioVersion = 10.0.40219.1
Project("{8BC9CEB8-8B4A-11D0-8D11-00A0C91BC942}") = "ThemidaPinAnalyzer", "ThemidaPinAnalyzer.vcxproj", "{639EF517-FCFC-408E-9500-71F0DC0458DB}"
EndProject
Project("{8BC9CEB8-8B4A-11D0-8D11-00A0C91BC942}") = "CommonPinAnalyzer", "..\CommonPinAnalyzer\CommonPinAnalyzer.vcxproj", "{4FF99054-2D10-4E27-947C-8C87DCDC9091}"
EndProject
Project("{8BC9CEB8-8B4A-11D0-8D11-00A0C91BC942}") = "PinTracer", "..\PinTracer\PinTracer.vcxproj", "{A3353FB7-0ABB-4571-854F-38BF965B9C2B}"
EndProject
Project("{8BC9CEB8-8B4A-11D0-8D11-00A0C91BC942}") = "KDT", "..\DeobDump\DeobDump.vcxproj", "{FC62F77C-B2C2-4DAF-B48E-D0A4EA465201}"
EndProject
Project("{8BC9CEB8-8B4A-11D0-8D11-00A0C91BC942}") = "FindContextSwitch", "..\VM_FindContextSwitch\FindContextSwitch.vcxproj", "{3588AF68-EDF2-4320-B12F-4D5910386671}"
EndProject
Project("{8BC9CEB8-8B4A-11D0-8D11-00A0C91BC942}") = "SimplePinTracer", "..\SimplePinTracer\SimplePinTracer.vcxproj", "{D3682D21-2319-46CE-A317-13D09A187802}"
EndProject
Project("{8BC9CEB8-8B4A-11D0-8D11-00A0C91BC942}") = "Test", "..\Test\Test.vcxproj", "{F5639E7B-FCC7-40B5-B578-D19874EAB03D}"
EndProject
Project("{8BC9CEB8-8B4A-11D0-8D11-00A0C91BC942}") = "TheTracer", "..\TheTracer\TheTracer.vcxproj", "{95266DD3-DD0C-4886-8F8E-A3820254BD9A}"
EndProject
Project("{8BC9CEB8-8B4A-11D0-8D11-00A0C91BC942}") = "ExternalFunctionReader", "..\ExternalFunctionReader\ExternalFunctionReader.vcxproj", "{B84E54B7-1E5E-40ED-9ED4-DF84172E8E36}"
EndProject
Global
	GlobalSection(SolutionConfigurationPlatforms) = preSolution
		Debug|Win32 = Debug|Win32
		Debug|x64 = Debug|x64
		Release|Win32 = Release|Win32
		Release|x64 = Release|x64
		Test|Win32 = Test|Win32
		Test|x64 = Test|x64
	EndGlobalSection
	GlobalSection(ProjectConfigurationPlatforms) = postSolution
		{639EF517-FCFC-408E-9500-71F0DC0458DB}.Debug|Win32.ActiveCfg = Debug|Win32
		{639EF517-FCFC-408E-9500-71F0DC0458DB}.Debug|Win32.Build.0 = Debug|Win32
		{639EF517-FCFC-408E-9500-71F0DC0458DB}.Debug|x64.ActiveCfg = Debug|x64
		{639EF517-FCFC-408E-9500-71F0DC0458DB}.Debug|x64.Build.0 = Debug|x64
		{639EF517-FCFC-408E-9500-71F0DC0458DB}.Release|Win32.ActiveCfg = Release|Win32
		{639EF517-FCFC-408E-9500-71F0DC0458DB}.Release|Win32.Build.0 = Release|Win32
		{639EF517-FCFC-408E-9500-71F0DC0458DB}.Release|x64.ActiveCfg = Release|x64
		{639EF517-FCFC-408E-9500-71F0DC0458DB}.Release|x64.Build.0 = Release|x64
		{639EF517-FCFC-408E-9500-71F0DC0458DB}.Test|Win32.ActiveCfg = Test|Win32
		{639EF517-FCFC-408E-9500-71F0DC0458DB}.Test|Win32.Build.0 = Test|Win32
		{639EF517-FCFC-408E-9500-71F0DC0458DB}.Test|x64.ActiveCfg = Test|x64
		{639EF517-FCFC-408E-9500-71F0DC0458DB}.Test|x64.Build.0 = Test|x64
		{4FF99054-2D10-4E27-947C-8C87DCDC9091}.Debug|Win32.ActiveCfg = Debug|Win32
		{4FF99054-2D10-4E27-947C-8C87DCDC9091}.Debug|Win32.Build.0 = Debug|Win32
		{4FF99054-2D10-4E27-947C-8C87DCDC9091}.Debug|x64.ActiveCfg = Debug|x64
		{4FF99054-2D10-4E27-947C-8C87DCDC9091}.Debug|x64.Build.0 = Debug|x64
		{4FF99054-2D10-4E27-947C-8C87DCDC9091}.Release|Win32.ActiveCfg = Release|Win32
		{4FF99054-2D10-4E27-947C-8C87DCDC9091}.Release|Win32.Build.0 = Release|Win32
		{4FF99054-2D10-4E27-947C-8C87DCDC9091}.Release|x64.ActiveCfg = Release|x64
		{4FF99054-2D10-4E27-947C-8C87DCDC9091}.Release|x64.Build.0 = Release|x64
		{4FF99054-2D10-4E27-947C-8C87DCDC9091}.Test|Win32.ActiveCfg = Release|Win32
		{4FF99054-2D10-4E27-947C-8C87DCDC9091}.Test|Win32.Build.0 = Release|Win32
		{4FF99054-2D10-4E27-947C-8C87DCDC9091}.Test|x64.ActiveCfg = Release|Win32
		{A3353FB7-0ABB-4571-854F-38BF965B9C2B}.Debug|Win32.ActiveCfg = Debug|Win32
		{A3353FB7-0ABB-4571-854F-38BF965B9C2B}.Debug|Win32.Build.0 = Debug|Win32
		{A3353FB7-0ABB-4571-854F-38BF965B9C2B}.Debug|x64.ActiveCfg = Debug|x64
		{A3353FB7-0ABB-4571-854F-38BF965B9C2B}.Debug|x64.Build.0 = Debug|x64
		{A3353FB7-0ABB-4571-854F-38BF965B9C2B}.Release|Win32.ActiveCfg = Release|Win32
		{A3353FB7-0ABB-4571-854F-38BF965B9C2B}.Release|Win32.Build.0 = Release|Win32
		{A3353FB7-0ABB-4571-854F-38BF965B9C2B}.Release|x64.ActiveCfg = Release|x64
		{A3353FB7-0ABB-4571-854F-38BF965B9C2B}.Release|x64.Build.0 = Release|x64
		{A3353FB7-0ABB-4571-854F-38BF965B9C2B}.Test|Win32.ActiveCfg = Test|Win32
		{A3353FB7-0ABB-4571-854F-38BF965B9C2B}.Test|Win32.Build.0 = Test|Win32
		{A3353FB7-0ABB-4571-854F-38BF965B9C2B}.Test|x64.ActiveCfg = Test|x64
		{A3353FB7-0ABB-4571-854F-38BF965B9C2B}.Test|x64.Build.0 = Test|x64
		{FC62F77C-B2C2-4DAF-B48E-D0A4EA465201}.Debug|Win32.ActiveCfg = Debug|Win32
		{FC62F77C-B2C2-4DAF-B48E-D0A4EA465201}.Debug|Win32.Build.0 = Debug|Win32
		{FC62F77C-B2C2-4DAF-B48E-D0A4EA465201}.Debug|x64.ActiveCfg = Debug|x64
		{FC62F77C-B2C2-4DAF-B48E-D0A4EA465201}.Debug|x64.Build.0 = Debug|x64
		{FC62F77C-B2C2-4DAF-B48E-D0A4EA465201}.Release|Win32.ActiveCfg = Release|Win32
		{FC62F77C-B2C2-4DAF-B48E-D0A4EA465201}.Release|Win32.Build.0 = Release|Win32
		{FC62F77C-B2C2-4DAF-B48E-D0A4EA465201}.Release|x64.ActiveCfg = Release|x64
		{FC62F77C-B2C2-4DAF-B48E-D0A4EA465201}.Release|x64.Build.0 = Release|x64
		{FC62F77C-B2C2-4DAF-B48E-D0A4EA465201}.Test|Win32.ActiveCfg = Release|Win32
		{FC62F77C-B2C2-4DAF-B48E-D0A4EA465201}.Test|Win32.Build.0 = Release|Win32
		{FC62F77C-B2C2-4DAF-B48E-D0A4EA465201}.Test|x64.ActiveCfg = Release|x64
		{FC62F77C-B2C2-4DAF-B48E-D0A4EA465201}.Test|x64.Build.0 = Release|x64
		{3588AF68-EDF2-4320-B12F-4D5910386671}.Debug|Win32.ActiveCfg = Debug|Win32
		{3588AF68-EDF2-4320-B12F-4D5910386671}.Debug|Win32.Build.0 = Debug|Win32
		{3588AF68-EDF2-4320-B12F-4D5910386671}.Debug|x64.ActiveCfg = Debug|x64
		{3588AF68-EDF2-4320-B12F-4D5910386671}.Debug|x64.Build.0 = Debug|x64
		{3588AF68-EDF2-4320-B12F-4D5910386671}.Release|Win32.ActiveCfg = Release|Win32
		{3588AF68-EDF2-4320-B12F-4D5910386671}.Release|Win32.Build.0 = Release|Win32
		{3588AF68-EDF2-4320-B12F-4D5910386671}.Release|x64.ActiveCfg = Release|x64
		{3588AF68-EDF2-4320-B12F-4D5910386671}.Release|x64.Build.0 = Release|x64
		{3588AF68-EDF2-4320-B12F-4D5910386671}.Test|Win32.ActiveCfg = Test|Win32
		{3588AF68-EDF2-4320-B12F-4D5910386671}.Test|Win32.Build.0 = Test|Win32
		{3588AF68-EDF2-4320-B12F-4D5910386671}.Test|x64.ActiveCfg = Test|x64
		{3588AF68-EDF2-4320-B12F-4D5910386671}.Test|x64.Build.0 = Test|x64
		{D3682D21-2319-46CE-A317-13D09A187802}.Debug|Win32.ActiveCfg = Debug|Win32
		{D3682D21-2319-46CE-A317-13D09A187802}.Debug|Win32.Build.0 = Debug|Win32
		{D3682D21-2319-46CE-A317-13D09A187802}.Debug|x64.ActiveCfg = Debug|x64
		{D3682D21-2319-46CE-A317-13D09A187802}.Debug|x64.Build.0 = Debug|x64
		{D3682D21-2319-46CE-A317-13D09A187802}.Release|Win32.ActiveCfg = Release|Win32
		{D3682D21-2319-46CE-A317-13D09A187802}.Release|Win32.Build.0 = Release|Win32
		{D3682D21-2319-46CE-A317-13D09A187802}.Release|x64.ActiveCfg = Release|x64
		{D3682D21-2319-46CE-A317-13D09A187802}.Release|x64.Build.0 = Release|x64
		{D3682D21-2319-46CE-A317-13D09A187802}.Test|Win32.ActiveCfg = Test|Win32
		{D3682D21-2319-46CE-A317-13D09A187802}.Test|Win32.Build.0 = Test|Win32
		{D3682D21-2319-46CE-A317-13D09A187802}.Test|x64.ActiveCfg = Test|x64
		{D3682D21-2319-46CE-A317-13D09A187802}.Test|x64.Build.0 = Test|x64
		{F5639E7B-FCC7-40B5-B578-D19874EAB03D}.Debug|Win32.ActiveCfg = Debug|Win32
		{F5639E7B-FCC7-40B5-B578-D19874EAB03D}.Debug|Win32.Build.0 = Debug|Win32
		{F5639E7B-FCC7-40B5-B578-D19874EAB03D}.Debug|x64.ActiveCfg = Debug|x64
		{F5639E7B-FCC7-40B5-B578-D19874EAB03D}.Debug|x64.Build.0 = Debug|x64
		{F5639E7B-FCC7-40B5-B578-D19874EAB03D}.Release|Win32.ActiveCfg = Release|Win32
		{F5639E7B-FCC7-40B5-B578-D19874EAB03D}.Release|Win32.Build.0 = Release|Win32
		{F5639E7B-FCC7-40B5-B578-D19874EAB03D}.Release|x64.ActiveCfg = Release|x64
		{F5639E7B-FCC7-40B5-B578-D19874EAB03D}.Release|x64.Build.0 = Release|x64
		{F5639E7B-FCC7-40B5-B578-D19874EAB03D}.Test|Win32.ActiveCfg = Test|Win32
		{F5639E7B-FCC7-40B5-B578-D19874EAB03D}.Test|Win32.Build.0 = Test|Win32
		{F5639E7B-FCC7-40B5-B578-D19874EAB03D}.Test|x64.ActiveCfg = Test|x64
		{F5639E7B-FCC7-40B5-B578-D19874EAB03D}.Test|x64.Build.0 = Test|x64
		{95266DD3-DD0C-4886-8F8E-A3820254BD9A}.Debug|Win32.ActiveCfg = Debug|Win32
		{95266DD3-DD0C-4886-8F8E-A3820254BD9A}.Debug|Win32.Build.0 = Debug|Win32
		{95266DD3-DD0C-4886-8F8E-A3820254BD9A}.Debug|x64.ActiveCfg = Debug|x64
		{95266DD3-DD0C-4886-8F8E-A3820254BD9A}.Debug|x64.Build.0 = Debug|x64
		{95266DD3-DD0C-4886-8F8E-A3820254BD9A}.Release|Win32.ActiveCfg = Release|Win32
		{95266DD3-DD0C-4886-8F8E-A3820254BD9A}.Release|Win32.Build.0 = Release|Win32
		{95266DD3-DD0C-4886-8F8E-A3820254BD9A}.Release|x64.ActiveCfg = Release|x64
		{95266DD3-DD0C-4886-8F8E-A3820254BD9A}.Release|x64.Build.0 = Release|x64
		{95266DD3-DD0C-4886-8F8E-A3820254BD9A}.Test|Win32.ActiveCfg = Test|Win32
		{95266DD3-DD0C-4886-8F8E-A3820254BD9A}.Test|Win32.Build.0 = Test|Win32
		{95266DD3-DD0C-4886-8F8E-A3820254BD9A}.Test|x64.ActiveCfg = Test|x64
		{95266DD3-DD0C-4886-8F8E-A3820254BD9A}.Test|x64.Build.0 = Test|x64
		{B84E54B7-1E5E-40ED-9ED4-DF84172E8E36}.Debug|Win32.ActiveCfg = Debug|Win32
		{B84E54B7-1E5E-40ED-9ED4-DF84172E8E36}.Debug|Win32.Build.0 = Debug|Win32
		{B84E54B7-1E5E-40ED-9ED4-DF84172E8E36}.Debug|x64.ActiveCfg = Debug|x64
		{B84E54B7-1E5E-40ED-9ED4-DF84172E8E36}.Debug|x64.Build.0 = Debug|x64
		{B84E54B7-1E5E-40ED-9ED4-DF84172E8E36}.Release|Win32.ActiveCfg = Release|Win32
		{B84E54B7-1E5E-40ED-9ED4-DF84172E8E36}.Release|Win32.Build.0 = Release|Win32
		{B84E54B7-1E5E-40ED-9ED4-DF84172E8E36}.Release|x64.ActiveCfg = Release|x64
		{B84E54B7-1E5E-40ED-9ED4-DF84172E8E36}.Release|x64.Build.0 = Release|x64
		{B84E54B7-1E5E-40ED-9ED4-DF84172E8E36}.Test|Win32.ActiveCfg = Test|Win32
		{B84E54B7-1E5E-40ED-9ED4-DF84172E8E36}.Test|Win32.Build.0 = Test|Win32
		{B84E54B7-1E5E-40ED-9ED4-DF84172E8E36}.Test|x64.ActiveCfg = Test|x64
		{B84E54B7-1E5E-40ED-9ED4-DF84172E8E36}.Test|x64.Build.0 = Test|x64
	EndGlobalSection
	GlobalSection(SolutionProperties) = preSolution
		HideSolutionNode = FALSE
	EndGlobalSection
	GlobalSection(ExtensibilityGlobals) = postSolution
		SolutionGuid = {6D842B51-1655-47D1-BFF4-2DACFBF009C5}
	EndGlobalSection
EndGlobal
